
Microsoft Visual Studio Solution File, Format Version 12.00
# Visual Studio Version 17
VisualStudioVersion = 17.10.34916.146
MinimumVisualStudioVersion = 10.0.40219.1
Project("{8BC9CEB8-8B4A-11D0-8D11-00A0C91BC942}") = "SoundBar", "SoundBar\SoundBar.vcxproj", "{4A835FA6-F59B-4A2D-8364-BFCE6F994DAF}"
EndProject
Global
	GlobalSection(SolutionConfigurationPlatforms) = preSolution
		Debug|x64 = Debug|x64
		Debug|x86 = Debug|x86
		Release|x64 = Release|x64
		Release|x86 = Release|x86
	EndGlobalSection
	GlobalSection(ProjectConfigurationPlatforms) = postSolution
		{4A835FA6-F59B-4A2D-8364-BFCE6F994DAF}.Debug|x64.ActiveCfg = Debug|x64
		{4A835FA6-F59B-4A2D-8364-BFCE6F994DAF}.Debug|x64.Build.0 = Debug|x64
		{4A835FA6-F59B-4A2D-8364-BFCE6F994DAF}.Debug|x86.ActiveCfg = Debug|Win32
		{4A835FA6-F59B-4A2D-8364-BFCE6F994DAF}.Debug|x86.Build.0 = Debug|Win32
		{4A835FA6-F59B-4A2D-8364-BFCE6F994DAF}.Release|x64.ActiveCfg = Release|x64
		{4A835FA6-F59B-4A2D-8364-BFCE6F994DAF}.Release|x64.Build.0 = Release|x64
		{4A835FA6-F59B-4A2D-8364-BFCE6F994DAF}.Release|x86.ActiveCfg = Release|Win32
		{4A835FA6-F59B-4A2D-8364-BFCE6F994DAF}.Release|x86.Build.0 = Release|Win32
	EndGlobalSection
	GlobalSection(SolutionProperties) = preSolution
		HideSolutionNode = FALSE
	EndGlobalSection
	GlobalSection(ExtensibilityGlobals) = postSolution
		SolutionGuid = {76BAF05F-BB9B-4BFD-8A45-BC665320FB9C}
	EndGlobalSection
EndGlobal
